
Microsoft Visual Studio Solution File, Format Version 12.00
# Visual Studio 15
VisualStudioVersion = 15.0.27428.2043
MinimumVisualStudioVersion = 10.0.40219.1
Project("{9A19103F-16F7-4668-BE54-9A1E7A4F7556}") = "OWLMiddleware", "OWLMiddleware.csproj", "{BEB3095F-29DF-4A84-82DE-F4D42ED9BD7D}"
EndProject
Global
	GlobalSection(SolutionConfigurationPlatforms) = preSolution
		Debug|Any CPU = Debug|Any CPU
		Release|Any CPU = Release|Any CPU
	EndGlobalSection
	GlobalSection(ProjectConfigurationPlatforms) = postSolution
		{BEB3095F-29DF-4A84-82DE-F4D42ED9BD7D}.Debug|Any CPU.ActiveCfg = Debug|Any CPU
		{BEB3095F-29DF-4A84-82DE-F4D42ED9BD7D}.Debug|Any CPU.Build.0 = Debug|Any CPU
		{BEB3095F-29DF-4A84-82DE-F4D42ED9BD7D}.Release|Any CPU.ActiveCfg = Release|Any CPU
		{BEB3095F-29DF-4A84-82DE-F4D42ED9BD7D}.Release|Any CPU.Build.0 = Release|Any CPU
	EndGlobalSection
	GlobalSection(SolutionProperties) = preSolution
		HideSolutionNode = FALSE
	EndGlobalSection
	GlobalSection(ExtensibilityGlobals) = postSolution
		SolutionGuid = {72A71178-A43B-4D34-8FF3-29658BC918D5}
	EndGlobalSection
EndGlobal
